
Microsoft Visual Studio Solution File, Format Version 12.00
# Visual Studio Version 17
VisualStudioVersion = 17.1.32319.34
MinimumVisualStudioVersion = 10.0.40219.1
Project("{9A19103F-16F7-4668-BE54-9A1E7A4F7556}") = "CampaignApi", "CampaignApi\CampaignApi.csproj", "{2EAE45EA-69FD-49AA-A811-8A00A9220C8C}"
EndProject
Project("{FAE04EC0-301F-11D3-BF4B-00C04F79EFBC}") = "BlazorServerApp", "BlazorServerApp\BlazorServerApp.csproj", "{AAFC17B0-1434-4E32-9B8B-572E4E96BAC4}"
EndProject
Global
	GlobalSection(SolutionConfigurationPlatforms) = preSolution
		Debug|Any CPU = Debug|Any CPU
		Release|Any CPU = Release|Any CPU
	EndGlobalSection
	GlobalSection(ProjectConfigurationPlatforms) = postSolution
		{2EAE45EA-69FD-49AA-A811-8A00A9220C8C}.Debug|Any CPU.ActiveCfg = Debug|Any CPU
		{2EAE45EA-69FD-49AA-A811-8A00A9220C8C}.Debug|Any CPU.Build.0 = Debug|Any CPU
		{2EAE45EA-69FD-49AA-A811-8A00A9220C8C}.Release|Any CPU.ActiveCfg = Release|Any CPU
		{2EAE45EA-69FD-49AA-A811-8A00A9220C8C}.Release|Any CPU.Build.0 = Release|Any CPU
		{AAFC17B0-1434-4E32-9B8B-572E4E96BAC4}.Debug|Any CPU.ActiveCfg = Debug|Any CPU
		{AAFC17B0-1434-4E32-9B8B-572E4E96BAC4}.Debug|Any CPU.Build.0 = Debug|Any CPU
		{AAFC17B0-1434-4E32-9B8B-572E4E96BAC4}.Release|Any CPU.ActiveCfg = Release|Any CPU
		{AAFC17B0-1434-4E32-9B8B-572E4E96BAC4}.Release|Any CPU.Build.0 = Release|Any CPU
	EndGlobalSection
	GlobalSection(SolutionProperties) = preSolution
		HideSolutionNode = FALSE
	EndGlobalSection
	GlobalSection(ExtensibilityGlobals) = postSolution
		SolutionGuid = {8A23F31C-9620-4D23-9143-7797FBDF2661}
	EndGlobalSection
EndGlobal
